
Microsoft Visual Studio Solution File, Format Version 12.00
# Visual Studio Version 17
VisualStudioVersion = 17.0.31919.166
MinimumVisualStudioVersion = 10.0.40219.1
Project("{9A19103F-16F7-4668-BE54-9A1E7A4F7556}") = "PowerAdmin", "src\PowerAdmin\PowerAdmin.csproj", "{7ECFE165-672C-42BB-B2AB-813949F3FFFD}"
EndProject
Project("{2150E333-8FDC-42A3-9474-1A3956D46DE8}") = "src", "src", "{FF638996-BDAF-49C4-9B44-4B5FAEC6015A}"
EndProject
Project("{2150E333-8FDC-42A3-9474-1A3956D46DE8}") = "tests", "tests", "{6D6273A6-5B48-48C5-8C4E-A646E9E65243}"
EndProject
Project("{9A19103F-16F7-4668-BE54-9A1E7A4F7556}") = "PowerAdmin.IntegrationTests", "tests\PowerAdmin.IntegrationTests\PowerAdmin.IntegrationTests.csproj", "{A2290471-D455-4FA0-A4BA-816A54F8FA73}"
EndProject
Project("{9A19103F-16F7-4668-BE54-9A1E7A4F7556}") = "PowerAdmin.UnitTests", "tests\PowerAdmin.UnitTests\PowerAdmin.UnitTests.csproj", "{A825CB02-160E-4213-AC1B-85DF60BD2D8A}"
EndProject
Project("{9A19103F-16F7-4668-BE54-9A1E7A4F7556}") = "PowerAdmin.EntityFramework.Identity", "src\PowerAdmin.EntityFramework.Identity\PowerAdmin.EntityFramework.Identity.csproj", "{813E13E1-3B82-4427-B146-D892E65EEF2C}"
EndProject
Project("{9A19103F-16F7-4668-BE54-9A1E7A4F7556}") = "PowerAdmin.Business.Identity", "src\PowerAdmin.Business.Identity\PowerAdmin.Business.Identity.csproj", "{03140933-3E93-47B8-9359-6C92C4E5516A}"
EndProject
Project("{9A19103F-16F7-4668-BE54-9A1E7A4F7556}") = "PowerAdmin.EntityFramework.Postgres", "src\PowerAdmin.EntityFramework.Postgres\PowerAdmin.EntityFramework.Postgres.csproj", "{8B723FC4-92BC-4871-B363-22D3ACA627A7}"
EndProject
Project("{FAE04EC0-301F-11D3-BF4B-00C04F79EFBC}") = "PowerAdmin.EntityFramework.Configuration", "src\PowerAdmin.EntityFramework.Configuration\PowerAdmin.EntityFramework.Configuration.csproj", "{F13135E4-6280-4DB6-9CA4-A9BA1097D273}"
EndProject
Project("{2150E333-8FDC-42A3-9474-1A3956D46DE8}") = "database", "database", "{3E137F7F-54BD-47B6-97C3-71F0D7477DA1}"
EndProject
Project("{2150E333-8FDC-42A3-9474-1A3956D46DE8}") = "business", "business", "{8F7955D1-7696-4B61-846A-F5B9B59A412E}"
EndProject
Project("{2150E333-8FDC-42A3-9474-1A3956D46DE8}") = "infrastructure", "infrastructure", "{7C50634B-AFC4-459A-9AF6-535B937B9582}"
EndProject
Project("{2150E333-8FDC-42A3-9474-1A3956D46DE8}") = "admin", "admin", "{356191F0-3739-45AA-9C6B-688342D27DF0}"
EndProject
Project("{9A19103F-16F7-4668-BE54-9A1E7A4F7556}") = "PowerAdmin.Infrastructure", "src\PowerAdmin.Infrastructure\PowerAdmin.Infrastructure.csproj", "{85F4D7DB-FD79-4FF8-9321-3E4611231B2F}"
EndProject
Global
	GlobalSection(SolutionConfigurationPlatforms) = preSolution
		Debug|Any CPU = Debug|Any CPU
		Release|Any CPU = Release|Any CPU
	EndGlobalSection
	GlobalSection(ProjectConfigurationPlatforms) = postSolution
		{7ECFE165-672C-42BB-B2AB-813949F3FFFD}.Debug|Any CPU.ActiveCfg = Debug|Any CPU
		{7ECFE165-672C-42BB-B2AB-813949F3FFFD}.Debug|Any CPU.Build.0 = Debug|Any CPU
		{7ECFE165-672C-42BB-B2AB-813949F3FFFD}.Release|Any CPU.ActiveCfg = Release|Any CPU
		{7ECFE165-672C-42BB-B2AB-813949F3FFFD}.Release|Any CPU.Build.0 = Release|Any CPU
		{A2290471-D455-4FA0-A4BA-816A54F8FA73}.Debug|Any CPU.ActiveCfg = Debug|Any CPU
		{A2290471-D455-4FA0-A4BA-816A54F8FA73}.Debug|Any CPU.Build.0 = Debug|Any CPU
		{A2290471-D455-4FA0-A4BA-816A54F8FA73}.Release|Any CPU.ActiveCfg = Release|Any CPU
		{A2290471-D455-4FA0-A4BA-816A54F8FA73}.Release|Any CPU.Build.0 = Release|Any CPU
		{A825CB02-160E-4213-AC1B-85DF60BD2D8A}.Debug|Any CPU.ActiveCfg = Debug|Any CPU
		{A825CB02-160E-4213-AC1B-85DF60BD2D8A}.Debug|Any CPU.Build.0 = Debug|Any CPU
		{A825CB02-160E-4213-AC1B-85DF60BD2D8A}.Release|Any CPU.ActiveCfg = Release|Any CPU
		{A825CB02-160E-4213-AC1B-85DF60BD2D8A}.Release|Any CPU.Build.0 = Release|Any CPU
		{813E13E1-3B82-4427-B146-D892E65EEF2C}.Debug|Any CPU.ActiveCfg = Debug|Any CPU
		{813E13E1-3B82-4427-B146-D892E65EEF2C}.Debug|Any CPU.Build.0 = Debug|Any CPU
		{813E13E1-3B82-4427-B146-D892E65EEF2C}.Release|Any CPU.ActiveCfg = Release|Any CPU
		{813E13E1-3B82-4427-B146-D892E65EEF2C}.Release|Any CPU.Build.0 = Release|Any CPU
		{03140933-3E93-47B8-9359-6C92C4E5516A}.Debug|Any CPU.ActiveCfg = Debug|Any CPU
		{03140933-3E93-47B8-9359-6C92C4E5516A}.Debug|Any CPU.Build.0 = Debug|Any CPU
		{03140933-3E93-47B8-9359-6C92C4E5516A}.Release|Any CPU.ActiveCfg = Release|Any CPU
		{03140933-3E93-47B8-9359-6C92C4E5516A}.Release|Any CPU.Build.0 = Release|Any CPU
		{8B723FC4-92BC-4871-B363-22D3ACA627A7}.Debug|Any CPU.ActiveCfg = Debug|Any CPU
		{8B723FC4-92BC-4871-B363-22D3ACA627A7}.Debug|Any CPU.Build.0 = Debug|Any CPU
		{8B723FC4-92BC-4871-B363-22D3ACA627A7}.Release|Any CPU.ActiveCfg = Release|Any CPU
		{8B723FC4-92BC-4871-B363-22D3ACA627A7}.Release|Any CPU.Build.0 = Release|Any CPU
		{F13135E4-6280-4DB6-9CA4-A9BA1097D273}.Debug|Any CPU.ActiveCfg = Debug|Any CPU
		{F13135E4-6280-4DB6-9CA4-A9BA1097D273}.Debug|Any CPU.Build.0 = Debug|Any CPU
		{F13135E4-6280-4DB6-9CA4-A9BA1097D273}.Release|Any CPU.ActiveCfg = Release|Any CPU
		{F13135E4-6280-4DB6-9CA4-A9BA1097D273}.Release|Any CPU.Build.0 = Release|Any CPU
		{85F4D7DB-FD79-4FF8-9321-3E4611231B2F}.Debug|Any CPU.ActiveCfg = Debug|Any CPU
		{85F4D7DB-FD79-4FF8-9321-3E4611231B2F}.Debug|Any CPU.Build.0 = Debug|Any CPU
		{85F4D7DB-FD79-4FF8-9321-3E4611231B2F}.Release|Any CPU.ActiveCfg = Release|Any CPU
		{85F4D7DB-FD79-4FF8-9321-3E4611231B2F}.Release|Any CPU.Build.0 = Release|Any CPU
	EndGlobalSection
	GlobalSection(SolutionProperties) = preSolution
		HideSolutionNode = FALSE
	EndGlobalSection
	GlobalSection(NestedProjects) = preSolution
		{7ECFE165-672C-42BB-B2AB-813949F3FFFD} = {356191F0-3739-45AA-9C6B-688342D27DF0}
		{A2290471-D455-4FA0-A4BA-816A54F8FA73} = {6D6273A6-5B48-48C5-8C4E-A646E9E65243}
		{A825CB02-160E-4213-AC1B-85DF60BD2D8A} = {6D6273A6-5B48-48C5-8C4E-A646E9E65243}
		{813E13E1-3B82-4427-B146-D892E65EEF2C} = {3E137F7F-54BD-47B6-97C3-71F0D7477DA1}
		{03140933-3E93-47B8-9359-6C92C4E5516A} = {8F7955D1-7696-4B61-846A-F5B9B59A412E}
		{8B723FC4-92BC-4871-B363-22D3ACA627A7} = {3E137F7F-54BD-47B6-97C3-71F0D7477DA1}
		{F13135E4-6280-4DB6-9CA4-A9BA1097D273} = {3E137F7F-54BD-47B6-97C3-71F0D7477DA1}
		{3E137F7F-54BD-47B6-97C3-71F0D7477DA1} = {FF638996-BDAF-49C4-9B44-4B5FAEC6015A}
		{8F7955D1-7696-4B61-846A-F5B9B59A412E} = {FF638996-BDAF-49C4-9B44-4B5FAEC6015A}
		{7C50634B-AFC4-459A-9AF6-535B937B9582} = {FF638996-BDAF-49C4-9B44-4B5FAEC6015A}
		{356191F0-3739-45AA-9C6B-688342D27DF0} = {FF638996-BDAF-49C4-9B44-4B5FAEC6015A}
		{85F4D7DB-FD79-4FF8-9321-3E4611231B2F} = {7C50634B-AFC4-459A-9AF6-535B937B9582}
	EndGlobalSection
	GlobalSection(ExtensibilityGlobals) = postSolution
		SolutionGuid = {AF73E187-3027-460C-9405-BC85ACBDCF53}
	EndGlobalSection
EndGlobal
